
Microsoft Visual Studio Solution File, Format Version 12.00
# Visual Studio Version 17
VisualStudioVersion = 17.11.35219.272
MinimumVisualStudioVersion = 10.0.40219.1
Project("{FAE04EC0-301F-11D3-BF4B-00C04F79EFBC}") = "SampleSafarzad2", "SampleSafarzad2\SampleSafarzad2.csproj", "{4B1FC0F9-650E-4723-B1A6-95D31A959249}"
EndProject
Project("{FAE04EC0-301F-11D3-BF4B-00C04F79EFBC}") = "Repository", "Repository\Repository.csproj", "{679FD5CB-EBA9-430B-9E1F-04454B636716}"
EndProject
Project("{FAE04EC0-301F-11D3-BF4B-00C04F79EFBC}") = "Service", "Service\Service.csproj", "{C005C385-C280-4F45-8D5B-ED384D8C87CC}"
EndProject
Project("{FAE04EC0-301F-11D3-BF4B-00C04F79EFBC}") = "Class_Models", "Class_Models\Class_Models.csproj", "{AB318E34-63AF-4539-92ED-86E7C46E8539}"
EndProject
Global
	GlobalSection(SolutionConfigurationPlatforms) = preSolution
		Debug|Any CPU = Debug|Any CPU
		Release|Any CPU = Release|Any CPU
	EndGlobalSection
	GlobalSection(ProjectConfigurationPlatforms) = postSolution
		{4B1FC0F9-650E-4723-B1A6-95D31A959249}.Debug|Any CPU.ActiveCfg = Debug|Any CPU
		{4B1FC0F9-650E-4723-B1A6-95D31A959249}.Debug|Any CPU.Build.0 = Debug|Any CPU
		{4B1FC0F9-650E-4723-B1A6-95D31A959249}.Release|Any CPU.ActiveCfg = Release|Any CPU
		{4B1FC0F9-650E-4723-B1A6-95D31A959249}.Release|Any CPU.Build.0 = Release|Any CPU
		{679FD5CB-EBA9-430B-9E1F-04454B636716}.Debug|Any CPU.ActiveCfg = Debug|Any CPU
		{679FD5CB-EBA9-430B-9E1F-04454B636716}.Debug|Any CPU.Build.0 = Debug|Any CPU
		{679FD5CB-EBA9-430B-9E1F-04454B636716}.Release|Any CPU.ActiveCfg = Release|Any CPU
		{679FD5CB-EBA9-430B-9E1F-04454B636716}.Release|Any CPU.Build.0 = Release|Any CPU
		{C005C385-C280-4F45-8D5B-ED384D8C87CC}.Debug|Any CPU.ActiveCfg = Debug|Any CPU
		{C005C385-C280-4F45-8D5B-ED384D8C87CC}.Debug|Any CPU.Build.0 = Debug|Any CPU
		{C005C385-C280-4F45-8D5B-ED384D8C87CC}.Release|Any CPU.ActiveCfg = Release|Any CPU
		{C005C385-C280-4F45-8D5B-ED384D8C87CC}.Release|Any CPU.Build.0 = Release|Any CPU
		{AB318E34-63AF-4539-92ED-86E7C46E8539}.Debug|Any CPU.ActiveCfg = Debug|Any CPU
		{AB318E34-63AF-4539-92ED-86E7C46E8539}.Debug|Any CPU.Build.0 = Debug|Any CPU
		{AB318E34-63AF-4539-92ED-86E7C46E8539}.Release|Any CPU.ActiveCfg = Release|Any CPU
		{AB318E34-63AF-4539-92ED-86E7C46E8539}.Release|Any CPU.Build.0 = Release|Any CPU
	EndGlobalSection
	GlobalSection(SolutionProperties) = preSolution
		HideSolutionNode = FALSE
	EndGlobalSection
	GlobalSection(ExtensibilityGlobals) = postSolution
		SolutionGuid = {220CFAAA-F2E4-4539-A569-F13850F14F8B}
	EndGlobalSection
EndGlobal
